// !$*UTF8*$!
{
	archiveVersion = 1;
	classes = {
	};
	objectVersion = 46;
	objects = {

/* Begin PBXBuildFile section */
		A17FB8161A69E78900F1A54B /* AppDelegate.swift in Sources */ = {isa = PBXBuildFile; fileRef = A17FB8151A69E78900F1A54B /* AppDelegate.swift */; };
		A17FB8181A69E78900F1A54B /* ViewController.swift in Sources */ = {isa = PBXBuildFile; fileRef = A17FB8171A69E78900F1A54B /* ViewController.swift */; };
		A17FB81B1A69E78900F1A54B /* Main.storyboard in Resources */ = {isa = PBXBuildFile; fileRef = A17FB8191A69E78900F1A54B /* Main.storyboard */; };
		A17FB81D1A69E78900F1A54B /* Images.xcassets in Resources */ = {isa = PBXBuildFile; fileRef = A17FB81C1A69E78900F1A54B /* Images.xcassets */; };
		A17FB8201A69E78900F1A54B /* LaunchScreen.xib in Resources */ = {isa = PBXBuildFile; fileRef = A17FB81E1A69E78900F1A54B /* LaunchScreen.xib */; };
		A17FB82C1A69E78900F1A54B /* GlassTests.swift in Sources */ = {isa = PBXBuildFile; fileRef = A17FB82B1A69E78900F1A54B /* GlassTests.swift */; };
		A17FB83A1A6AC67300F1A54B /* Bolts.framework in Frameworks */ = {isa = PBXBuildFile; fileRef = A17FB8381A6AC67300F1A54B /* Bolts.framework */; };
		A17FB83B1A6AC67300F1A54B /* Parse.framework in Frameworks */ = {isa = PBXBuildFile; fileRef = A17FB8391A6AC67300F1A54B /* Parse.framework */; };
		A17FB83D1A6AC68900F1A54B /* AudioToolbox.framework in Frameworks */ = {isa = PBXBuildFile; fileRef = A17FB83C1A6AC68900F1A54B /* AudioToolbox.framework */; };
		A17FB83F1A6AC68C00F1A54B /* CFNetwork.framework in Frameworks */ = {isa = PBXBuildFile; fileRef = A17FB83E1A6AC68C00F1A54B /* CFNetwork.framework */; };
		A17FB8411A6AC69200F1A54B /* CoreGraphics.framework in Frameworks */ = {isa = PBXBuildFile; fileRef = A17FB8401A6AC69200F1A54B /* CoreGraphics.framework */; };
		A17FB8431A6AC69800F1A54B /* CoreLocation.framework in Frameworks */ = {isa = PBXBuildFile; fileRef = A17FB8421A6AC69800F1A54B /* CoreLocation.framework */; };
		A17FB8451A6AC69D00F1A54B /* MobileCoreServices.framework in Frameworks */ = {isa = PBXBuildFile; fileRef = A17FB8441A6AC69D00F1A54B /* MobileCoreServices.framework */; };
		A1850DC21A6AC6F9006036F1 /* QuartzCore.framework in Frameworks */ = {isa = PBXBuildFile; fileRef = A1850DC11A6AC6F9006036F1 /* QuartzCore.framework */; };
		A1850DC41A6AC6FE006036F1 /* Security.framework in Frameworks */ = {isa = PBXBuildFile; fileRef = A1850DC31A6AC6FE006036F1 /* Security.framework */; };
		A1850DC81A6AC709006036F1 /* SystemConfiguration.framework in Frameworks */ = {isa = PBXBuildFile; fileRef = A1850DC71A6AC709006036F1 /* SystemConfiguration.framework */; };
		A1850DCA1A6AC70F006036F1 /* libz.dylib in Frameworks */ = {isa = PBXBuildFile; fileRef = A1850DC91A6AC70F006036F1 /* libz.dylib */; };
		A1850DCC1A6AC715006036F1 /* libsqlite3.dylib in Frameworks */ = {isa = PBXBuildFile; fileRef = A1850DCB1A6AC715006036F1 /* libsqlite3.dylib */; };
/* End PBXBuildFile section */

/* Begin PBXContainerItemProxy section */
		A17FB8261A69E78900F1A54B /* PBXContainerItemProxy */ = {
			isa = PBXContainerItemProxy;
			containerPortal = A17FB8081A69E78900F1A54B /* Project object */;
			proxyType = 1;
			remoteGlobalIDString = A17FB80F1A69E78900F1A54B;
			remoteInfo = Glass;
		};
/* End PBXContainerItemProxy section */

/* Begin PBXFileReference section */
		A17FB8101A69E78900F1A54B /* Glass.app */ = {isa = PBXFileReference; explicitFileType = wrapper.application; includeInIndex = 0; path = Glass.app; sourceTree = BUILT_PRODUCTS_DIR; };
		A17FB8141A69E78900F1A54B /* Info.plist */ = {isa = PBXFileReference; lastKnownFileType = text.plist.xml; path = Info.plist; sourceTree = "<group>"; };
		A17FB8151A69E78900F1A54B /* AppDelegate.swift */ = {isa = PBXFileReference; lastKnownFileType = sourcecode.swift; path = AppDelegate.swift; sourceTree = "<group>"; };
		A17FB8171A69E78900F1A54B /* ViewController.swift */ = {isa = PBXFileReference; lastKnownFileType = sourcecode.swift; path = ViewController.swift; sourceTree = "<group>"; };
		A17FB81A1A69E78900F1A54B /* Base */ = {isa = PBXFileReference; lastKnownFileType = file.storyboard; name = Base; path = Base.lproj/Main.storyboard; sourceTree = "<group>"; };
		A17FB81C1A69E78900F1A54B /* Images.xcassets */ = {isa = PBXFileReference; lastKnownFileType = folder.assetcatalog; path = Images.xcassets; sourceTree = "<group>"; };
		A17FB81F1A69E78900F1A54B /* Base */ = {isa = PBXFileReference; lastKnownFileType = file.xib; name = Base; path = Base.lproj/LaunchScreen.xib; sourceTree = "<group>"; };
		A17FB8251A69E78900F1A54B /* GlassTests.xctest */ = {isa = PBXFileReference; explicitFileType = wrapper.cfbundle; includeInIndex = 0; path = GlassTests.xctest; sourceTree = BUILT_PRODUCTS_DIR; };
		A17FB82A1A69E78900F1A54B /* Info.plist */ = {isa = PBXFileReference; lastKnownFileType = text.plist.xml; path = Info.plist; sourceTree = "<group>"; };
		A17FB82B1A69E78900F1A54B /* GlassTests.swift */ = {isa = PBXFileReference; lastKnownFileType = sourcecode.swift; path = GlassTests.swift; sourceTree = "<group>"; };
		A17FB8351A6A0D8500F1A54B /* Glass-Bridging-Header.h */ = {isa = PBXFileReference; lastKnownFileType = sourcecode.c.h; path = "Glass-Bridging-Header.h"; sourceTree = "<group>"; };
		A17FB8381A6AC67300F1A54B /* Bolts.framework */ = {isa = PBXFileReference; lastKnownFileType = wrapper.framework; path = Bolts.framework; sourceTree = "<group>"; };
		A17FB8391A6AC67300F1A54B /* Parse.framework */ = {isa = PBXFileReference; lastKnownFileType = wrapper.framework; path = Parse.framework; sourceTree = "<group>"; };
		A17FB83C1A6AC68900F1A54B /* AudioToolbox.framework */ = {isa = PBXFileReference; lastKnownFileType = wrapper.framework; name = AudioToolbox.framework; path = System/Library/Frameworks/AudioToolbox.framework; sourceTree = SDKROOT; };
		A17FB83E1A6AC68C00F1A54B /* CFNetwork.framework */ = {isa = PBXFileReference; lastKnownFileType = wrapper.framework; name = CFNetwork.framework; path = System/Library/Frameworks/CFNetwork.framework; sourceTree = SDKROOT; };
		A17FB8401A6AC69200F1A54B /* CoreGraphics.framework */ = {isa = PBXFileReference; lastKnownFileType = wrapper.framework; name = CoreGraphics.framework; path = System/Library/Frameworks/CoreGraphics.framework; sourceTree = SDKROOT; };
		A17FB8421A6AC69800F1A54B /* CoreLocation.framework */ = {isa = PBXFileReference; lastKnownFileType = wrapper.framework; name = CoreLocation.framework; path = System/Library/Frameworks/CoreLocation.framework; sourceTree = SDKROOT; };
		A17FB8441A6AC69D00F1A54B /* MobileCoreServices.framework */ = {isa = PBXFileReference; lastKnownFileType = wrapper.framework; name = MobileCoreServices.framework; path = System/Library/Frameworks/MobileCoreServices.framework; sourceTree = SDKROOT; };
		A1850DC11A6AC6F9006036F1 /* QuartzCore.framework */ = {isa = PBXFileReference; lastKnownFileType = wrapper.framework; name = QuartzCore.framework; path = System/Library/Frameworks/QuartzCore.framework; sourceTree = SDKROOT; };
		A1850DC31A6AC6FE006036F1 /* Security.framework */ = {isa = PBXFileReference; lastKnownFileType = wrapper.framework; name = Security.framework; path = System/Library/Frameworks/Security.framework; sourceTree = SDKROOT; };
		A1850DC71A6AC709006036F1 /* SystemConfiguration.framework */ = {isa = PBXFileReference; lastKnownFileType = wrapper.framework; name = SystemConfiguration.framework; path = System/Library/Frameworks/SystemConfiguration.framework; sourceTree = SDKROOT; };
		A1850DC91A6AC70F006036F1 /* libz.dylib */ = {isa = PBXFileReference; lastKnownFileType = "compiled.mach-o.dylib"; name = libz.dylib; path = usr/lib/libz.dylib; sourceTree = SDKROOT; };
		A1850DCB1A6AC715006036F1 /* libsqlite3.dylib */ = {isa = PBXFileReference; lastKnownFileType = "compiled.mach-o.dylib"; name = libsqlite3.dylib; path = usr/lib/libsqlite3.dylib; sourceTree = SDKROOT; };
/* End PBXFileReference section */

/* Begin PBXFrameworksBuildPhase section */
		A17FB80D1A69E78900F1A54B /* Frameworks */ = {
			isa = PBXFrameworksBuildPhase;
			buildActionMask = 2147483647;
			files = (
				A1850DCC1A6AC715006036F1 /* libsqlite3.dylib in Frameworks */,
				A1850DCA1A6AC70F006036F1 /* libz.dylib in Frameworks */,
				A1850DC81A6AC709006036F1 /* SystemConfiguration.framework in Frameworks */,
				A1850DC41A6AC6FE006036F1 /* Security.framework in Frameworks */,
				A1850DC21A6AC6F9006036F1 /* QuartzCore.framework in Frameworks */,
				A17FB8451A6AC69D00F1A54B /* MobileCoreServices.framework in Frameworks */,
				A17FB8431A6AC69800F1A54B /* CoreLocation.framework in Frameworks */,
				A17FB8411A6AC69200F1A54B /* CoreGraphics.framework in Frameworks */,
				A17FB83F1A6AC68C00F1A54B /* CFNetwork.framework in Frameworks */,
				A17FB83D1A6AC68900F1A54B /* AudioToolbox.framework in Frameworks */,
				A17FB83B1A6AC67300F1A54B /* Parse.framework in Frameworks */,
				A17FB83A1A6AC67300F1A54B /* Bolts.framework in Frameworks */,
			);
			runOnlyForDeploymentPostprocessing = 0;
		};
		A17FB8221A69E78900F1A54B /* Frameworks */ = {
			isa = PBXFrameworksBuildPhase;
			buildActionMask = 2147483647;
			files = (
			);
			runOnlyForDeploymentPostprocessing = 0;
		};
/* End PBXFrameworksBuildPhase section */

/* Begin PBXGroup section */
		A17FB8071A69E78900F1A54B = {
			isa = PBXGroup;
			children = (
				A17FB8121A69E78900F1A54B /* Glass */,
				A17FB8281A69E78900F1A54B /* GlassTests */,
				A17FB8111A69E78900F1A54B /* Products */,
			);
			sourceTree = "<group>";
		};
		A17FB8111A69E78900F1A54B /* Products */ = {
			isa = PBXGroup;
			children = (
				A17FB8101A69E78900F1A54B /* Glass.app */,
				A17FB8251A69E78900F1A54B /* GlassTests.xctest */,
			);
			name = Products;
			sourceTree = "<group>";
		};
		A17FB8121A69E78900F1A54B /* Glass */ = {
			isa = PBXGroup;
			children = (
				A17FB8151A69E78900F1A54B /* AppDelegate.swift */,
				A17FB8171A69E78900F1A54B /* ViewController.swift */,
				A17FB8191A69E78900F1A54B /* Main.storyboard */,
				A17FB81C1A69E78900F1A54B /* Images.xcassets */,
				A17FB81E1A69E78900F1A54B /* LaunchScreen.xib */,
				A17FB8131A69E78900F1A54B /* Supporting Files */,
				A17FB8351A6A0D8500F1A54B /* Glass-Bridging-Header.h */,
			);
			path = Glass;
			sourceTree = "<group>";
		};
		A17FB8131A69E78900F1A54B /* Supporting Files */ = {
			isa = PBXGroup;
			children = (
				A1B6EE081A89F58200513100 /* Parse Frameworks */,
				A17FB8141A69E78900F1A54B /* Info.plist */,
			);
			name = "Supporting Files";
			sourceTree = "<group>";
		};
		A17FB8281A69E78900F1A54B /* GlassTests */ = {
			isa = PBXGroup;
			children = (
				A17FB82B1A69E78900F1A54B /* GlassTests.swift */,
				A17FB8291A69E78900F1A54B /* Supporting Files */,
			);
			path = GlassTests;
			sourceTree = "<group>";
		};
		A17FB8291A69E78900F1A54B /* Supporting Files */ = {
			isa = PBXGroup;
			children = (
				A17FB82A1A69E78900F1A54B /* Info.plist */,
			);
			name = "Supporting Files";
			sourceTree = "<group>";
		};
		A1B6EE081A89F58200513100 /* Parse Frameworks */ = {
			isa = PBXGroup;
			children = (
				A1850DCB1A6AC715006036F1 /* libsqlite3.dylib */,
				A1850DC91A6AC70F006036F1 /* libz.dylib */,
				A1850DC71A6AC709006036F1 /* SystemConfiguration.framework */,
				A1850DC31A6AC6FE006036F1 /* Security.framework */,
				A1850DC11A6AC6F9006036F1 /* QuartzCore.framework */,
				A17FB8441A6AC69D00F1A54B /* MobileCoreServices.framework */,
				A17FB8421A6AC69800F1A54B /* CoreLocation.framework */,
				A17FB8401A6AC69200F1A54B /* CoreGraphics.framework */,
				A17FB83E1A6AC68C00F1A54B /* CFNetwork.framework */,
				A17FB83C1A6AC68900F1A54B /* AudioToolbox.framework */,
				A17FB8381A6AC67300F1A54B /* Bolts.framework */,
				A17FB8391A6AC67300F1A54B /* Parse.framework */,
			);
			name = "Parse Frameworks";
			path = ..;
			sourceTree = "<group>";
		};
/* End PBXGroup section */

/* Begin PBXNativeTarget section */
		A17FB80F1A69E78900F1A54B /* Glass */ = {
			isa = PBXNativeTarget;
			buildConfigurationList = A17FB82F1A69E78900F1A54B /* Build configuration list for PBXNativeTarget "Glass" */;
			buildPhases = (
				A17FB80C1A69E78900F1A54B /* Sources */,
				A17FB80D1A69E78900F1A54B /* Frameworks */,
				A17FB80E1A69E78900F1A54B /* Resources */,
			);
			buildRules = (
			);
			dependencies = (
			);
			name = Glass;
			productName = Glass;
			productReference = A17FB8101A69E78900F1A54B /* Glass.app */;
			productType = "com.apple.product-type.application";
		};
		A17FB8241A69E78900F1A54B /* GlassTests */ = {
			isa = PBXNativeTarget;
			buildConfigurationList = A17FB8321A69E78900F1A54B /* Build configuration list for PBXNativeTarget "GlassTests" */;
			buildPhases = (
				A17FB8211A69E78900F1A54B /* Sources */,
				A17FB8221A69E78900F1A54B /* Frameworks */,
				A17FB8231A69E78900F1A54B /* Resources */,
			);
			buildRules = (
			);
			dependencies = (
				A17FB8271A69E78900F1A54B /* PBXTargetDependency */,
			);
			name = GlassTests;
			productName = GlassTests;
			productReference = A17FB8251A69E78900F1A54B /* GlassTests.xctest */;
			productType = "com.apple.product-type.bundle.unit-test";
		};
/* End PBXNativeTarget section */

/* Begin PBXProject section */
		A17FB8081A69E78900F1A54B /* Project object */ = {
			isa = PBXProject;
			attributes = {
				LastUpgradeCheck = 0610;
				ORGANIZATIONNAME = "Nicholas McCardel";
				TargetAttributes = {
					A17FB80F1A69E78900F1A54B = {
						CreatedOnToolsVersion = 6.1.1;
						DevelopmentTeam = 55P2G2R377;
						SystemCapabilities = {
							com.apple.InAppPurchase = {
								enabled = 0;
							};
						};
					};
					A17FB8241A69E78900F1A54B = {
						CreatedOnToolsVersion = 6.1.1;
						DevelopmentTeam = 55P2G2R377;
						TestTargetID = A17FB80F1A69E78900F1A54B;
					};
				};
			};
			buildConfigurationList = A17FB80B1A69E78900F1A54B /* Build configuration list for PBXProject "Glass" */;
			compatibilityVersion = "Xcode 3.2";
			developmentRegion = English;
			hasScannedForEncodings = 0;
			knownRegions = (
				en,
				Base,
			);
			mainGroup = A17FB8071A69E78900F1A54B;
			productRefGroup = A17FB8111A69E78900F1A54B /* Products */;
			projectDirPath = "";
			projectRoot = "";
			targets = (
				A17FB80F1A69E78900F1A54B /* Glass */,
				A17FB8241A69E78900F1A54B /* GlassTests */,
			);
		};
/* End PBXProject section */

/* Begin PBXResourcesBuildPhase section */
		A17FB80E1A69E78900F1A54B /* Resources */ = {
			isa = PBXResourcesBuildPhase;
			buildActionMask = 2147483647;
			files = (
				A17FB81B1A69E78900F1A54B /* Main.storyboard in Resources */,
				A17FB8201A69E78900F1A54B /* LaunchScreen.xib in Resources */,
				A17FB81D1A69E78900F1A54B /* Images.xcassets in Resources */,
			);
			runOnlyForDeploymentPostprocessing = 0;
		};
		A17FB8231A69E78900F1A54B /* Resources */ = {
			isa = PBXResourcesBuildPhase;
			buildActionMask = 2147483647;
			files = (
			);
			runOnlyForDeploymentPostprocessing = 0;
		};
/* End PBXResourcesBuildPhase section */

/* Begin PBXSourcesBuildPhase section */
		A17FB80C1A69E78900F1A54B /* Sources */ = {
			isa = PBXSourcesBuildPhase;
			buildActionMask = 2147483647;
			files = (
				A17FB8181A69E78900F1A54B /* ViewController.swift in Sources */,
				A17FB8161A69E78900F1A54B /* AppDelegate.swift in Sources */,
			);
			runOnlyForDeploymentPostprocessing = 0;
		};
		A17FB8211A69E78900F1A54B /* Sources */ = {
			isa = PBXSourcesBuildPhase;
			buildActionMask = 2147483647;
			files = (
				A17FB82C1A69E78900F1A54B /* GlassTests.swift in Sources */,
			);
			runOnlyForDeploymentPostprocessing = 0;
		};
/* End PBXSourcesBuildPhase section */

/* Begin PBXTargetDependency section */
		A17FB8271A69E78900F1A54B /* PBXTargetDependency */ = {
			isa = PBXTargetDependency;
			target = A17FB80F1A69E78900F1A54B /* Glass */;
			targetProxy = A17FB8261A69E78900F1A54B /* PBXContainerItemProxy */;
		};
/* End PBXTargetDependency section */

/* Begin PBXVariantGroup section */
		A17FB8191A69E78900F1A54B /* Main.storyboard */ = {
			isa = PBXVariantGroup;
			children = (
				A17FB81A1A69E78900F1A54B /* Base */,
			);
			name = Main.storyboard;
			sourceTree = "<group>";
		};
		A17FB81E1A69E78900F1A54B /* LaunchScreen.xib */ = {
			isa = PBXVariantGroup;
			children = (
				A17FB81F1A69E78900F1A54B /* Base */,
			);
			name = LaunchScreen.xib;
			sourceTree = "<group>";
		};
/* End PBXVariantGroup section */

/* Begin XCBuildConfiguration section */
		A17FB82D1A69E78900F1A54B /* Debug */ = {
			isa = XCBuildConfiguration;
			buildSettings = {
				ALWAYS_SEARCH_USER_PATHS = NO;
				CLANG_CXX_LANGUAGE_STANDARD = "gnu++0x";
				CLANG_CXX_LIBRARY = "libc++";
				CLANG_ENABLE_MODULES = YES;
				CLANG_ENABLE_OBJC_ARC = YES;
				CLANG_WARN_BOOL_CONVERSION = YES;
				CLANG_WARN_CONSTANT_CONVERSION = YES;
				CLANG_WARN_DIRECT_OBJC_ISA_USAGE = YES_ERROR;
				CLANG_WARN_EMPTY_BODY = YES;
				CLANG_WARN_ENUM_CONVERSION = YES;
				CLANG_WARN_INT_CONVERSION = YES;
				CLANG_WARN_OBJC_ROOT_CLASS = YES_ERROR;
				CLANG_WARN_UNREACHABLE_CODE = YES;
				CLANG_WARN__DUPLICATE_METHOD_MATCH = YES;
				CODE_SIGN_IDENTITY = "Apple Development IOS Push Services: com.BHL.Glass";
				"CODE_SIGN_IDENTITY[sdk=iphoneos*]" = "Apple Development IOS Push Services: com.BHL.Glass";
				COPY_PHASE_STRIP = NO;
				ENABLE_STRICT_OBJC_MSGSEND = YES;
				GCC_C_LANGUAGE_STANDARD = gnu99;
				GCC_DYNAMIC_NO_PIC = NO;
				GCC_OPTIMIZATION_LEVEL = 0;
				GCC_PREPROCESSOR_DEFINITIONS = (
					"DEBUG=1",
					"$(inherited)",
				);
				GCC_SYMBOLS_PRIVATE_EXTERN = NO;
				GCC_WARN_64_TO_32_BIT_CONVERSION = YES;
				GCC_WARN_ABOUT_RETURN_TYPE = YES_ERROR;
				GCC_WARN_UNDECLARED_SELECTOR = YES;
				GCC_WARN_UNINITIALIZED_AUTOS = YES_AGGRESSIVE;
				GCC_WARN_UNUSED_FUNCTION = YES;
				GCC_WARN_UNUSED_VARIABLE = YES;
				IPHONEOS_DEPLOYMENT_TARGET = 8.1;
				MTL_ENABLE_DEBUG_INFO = YES;
				ONLY_ACTIVE_ARCH = YES;
				PROVISIONING_PROFILE = "81ec05e6-17db-4acf-a09a-0bfad57ed677";
				SDKROOT = iphoneos;
				SWIFT_OPTIMIZATION_LEVEL = "-Onone";
			};
			name = Debug;
		};
		A17FB82E1A69E78900F1A54B /* Release */ = {
			isa = XCBuildConfiguration;
			buildSettings = {
				ALWAYS_SEARCH_USER_PATHS = NO;
				CLANG_CXX_LANGUAGE_STANDARD = "gnu++0x";
				CLANG_CXX_LIBRARY = "libc++";
				CLANG_ENABLE_MODULES = YES;
				CLANG_ENABLE_OBJC_ARC = YES;
				CLANG_WARN_BOOL_CONVERSION = YES;
				CLANG_WARN_CONSTANT_CONVERSION = YES;
				CLANG_WARN_DIRECT_OBJC_ISA_USAGE = YES_ERROR;
				CLANG_WARN_EMPTY_BODY = YES;
				CLANG_WARN_ENUM_CONVERSION = YES;
				CLANG_WARN_INT_CONVERSION = YES;
				CLANG_WARN_OBJC_ROOT_CLASS = YES_ERROR;
				CLANG_WARN_UNREACHABLE_CODE = YES;
				CLANG_WARN__DUPLICATE_METHOD_MATCH = YES;
				CODE_SIGN_IDENTITY = "Apple Development IOS Push Services: com.BHL.Glass";
				"CODE_SIGN_IDENTITY[sdk=iphoneos*]" = "Apple Development IOS Push Services: com.BHL.Glass";
				COPY_PHASE_STRIP = YES;
				ENABLE_NS_ASSERTIONS = NO;
				ENABLE_STRICT_OBJC_MSGSEND = YES;
				GCC_C_LANGUAGE_STANDARD = gnu99;
				GCC_WARN_64_TO_32_BIT_CONVERSION = YES;
				GCC_WARN_ABOUT_RETURN_TYPE = YES_ERROR;
				GCC_WARN_UNDECLARED_SELECTOR = YES;
				GCC_WARN_UNINITIALIZED_AUTOS = YES_AGGRESSIVE;
				GCC_WARN_UNUSED_FUNCTION = YES;
				GCC_WARN_UNUSED_VARIABLE = YES;
				IPHONEOS_DEPLOYMENT_TARGET = 8.1;
				MTL_ENABLE_DEBUG_INFO = NO;
				PROVISIONING_PROFILE = "81ec05e6-17db-4acf-a09a-0bfad57ed677";
				SDKROOT = iphoneos;
				VALIDATE_PRODUCT = YES;
			};
			name = Release;
		};
		A17FB8301A69E78900F1A54B /* Debug */ = {
			isa = XCBuildConfiguration;
			buildSettings = {
				ASSETCATALOG_COMPILER_APPICON_NAME = AppIcon;
				CLANG_ENABLE_MODULES = YES;
				CODE_SIGN_IDENTITY = "Apple Development IOS Push Services: com.BHL.Glass";
				"CODE_SIGN_IDENTITY[sdk=iphoneos*]" = "Apple Development IOS Push Services: com.BHL.Glass";
				FRAMEWORK_SEARCH_PATHS = (
					"$(inherited)",
					"$(PROJECT_DIR)",
				);
				INFOPLIST_FILE = Glass/Info.plist;
				LD_RUNPATH_SEARCH_PATHS = "$(inherited) @executable_path/Frameworks";
				PRODUCT_NAME = "$(TARGET_NAME)";
				PROVISIONING_PROFILE = "81ec05e6-17db-4acf-a09a-0bfad57ed677";
				SWIFT_OBJC_BRIDGING_HEADER = "Glass/Glass-Bridging-Header.h";
				SWIFT_OPTIMIZATION_LEVEL = "-Onone";
			};
			name = Debug;
		};
		A17FB8311A69E78900F1A54B /* Release */ = {
			isa = XCBuildConfiguration;
			buildSettings = {
				ASSETCATALOG_COMPILER_APPICON_NAME = AppIcon;
				CLANG_ENABLE_MODULES = YES;
				CODE_SIGN_IDENTITY = "Apple Development IOS Push Services: com.BHL.Glass";
				"CODE_SIGN_IDENTITY[sdk=iphoneos*]" = "Apple Development IOS Push Services: com.BHL.Glass";
				FRAMEWORK_SEARCH_PATHS = (
					"$(inherited)",
					"$(PROJECT_DIR)",
				);
				INFOPLIST_FILE = Glass/Info.plist;
				LD_RUNPATH_SEARCH_PATHS = "$(inherited) @executable_path/Frameworks";
				PRODUCT_NAME = "$(TARGET_NAME)";
				PROVISIONING_PROFILE = "81ec05e6-17db-4acf-a09a-0bfad57ed677";
				SWIFT_OBJC_BRIDGING_HEADER = "Glass/Glass-Bridging-Header.h";
			};
			name = Release;
		};
		A17FB8331A69E78900F1A54B /* Debug */ = {
			isa = XCBuildConfiguration;
			buildSettings = {
				BUNDLE_LOADER = "$(TEST_HOST)";
				CODE_SIGN_IDENTITY = "iPhone Developer";
				"CODE_SIGN_IDENTITY[sdk=iphoneos*]" = "iPhone Developer";
				FRAMEWORK_SEARCH_PATHS = (
					"$(SDKROOT)/Developer/Library/Frameworks",
					"$(inherited)",
				);
				GCC_PREPROCESSOR_DEFINITIONS = (
					"DEBUG=1",
					"$(inherited)",
				);
				INFOPLIST_FILE = GlassTests/Info.plist;
				LD_RUNPATH_SEARCH_PATHS = "$(inherited) @executable_path/Frameworks @loader_path/Frameworks";
				PRODUCT_NAME = "$(TARGET_NAME)";
				PROVISIONING_PROFILE = "";
				TEST_HOST = "$(BUILT_PRODUCTS_DIR)/Glass.app/Glass";
			};
			name = Debug;
		};
		A17FB8341A69E78900F1A54B /* Release */ = {
			isa = XCBuildConfiguration;
			buildSettings = {
				BUNDLE_LOADER = "$(TEST_HOST)";
				CODE_SIGN_IDENTITY = "iPhone Developer";
				"CODE_SIGN_IDENTITY[sdk=iphoneos*]" = "iPhone Developer";
				FRAMEWORK_SEARCH_PATHS = (
					"$(SDKROOT)/Developer/Library/Frameworks",
					"$(inherited)",
				);
				INFOPLIST_FILE = GlassTests/Info.plist;
				LD_RUNPATH_SEARCH_PATHS = "$(inherited) @executable_path/Frameworks @loader_path/Frameworks";
				PRODUCT_NAME = "$(TARGET_NAME)";
				PROVISIONING_PROFILE = "";
				TEST_HOST = "$(BUILT_PRODUCTS_DIR)/Glass.app/Glass";
			};
			name = Release;
		};
/* End XCBuildConfiguration section */

/* Begin XCConfigurationList section */
		A17FB80B1A69E78900F1A54B /* Build configuration list for PBXProject "Glass" */ = {
			isa = XCConfigurationList;
			buildConfigurations = (
				A17FB82D1A69E78900F1A54B /* Debug */,
				A17FB82E1A69E78900F1A54B /* Release */,
			);
			defaultConfigurationIsVisible = 0;
			defaultConfigurationName = Release;
		};
		A17FB82F1A69E78900F1A54B /* Build configuration list for PBXNativeTarget "Glass" */ = {
			isa = XCConfigurationList;
			buildConfigurations = (
				A17FB8301A69E78900F1A54B /* Debug */,
				A17FB8311A69E78900F1A54B /* Release */,
			);
			defaultConfigurationIsVisible = 0;
			defaultConfigurationName = Release;
		};
		A17FB8321A69E78900F1A54B /* Build configuration list for PBXNativeTarget "GlassTests" */ = {
			isa = XCConfigurationList;
			buildConfigurations = (
				A17FB8331A69E78900F1A54B /* Debug */,
				A17FB8341A69E78900F1A54B /* Release */,
			);
			defaultConfigurationIsVisible = 0;
			defaultConfigurationName = Release;
		};
/* End XCConfigurationList section */
	};
	rootObject = A17FB8081A69E78900F1A54B /* Project object */;
}
